
Microsoft Visual Studio Solution File, Format Version 12.00
# Visual Studio Version 17
VisualStudioVersion = 17.9.34728.123
MinimumVisualStudioVersion = 10.0.40219.1
Project("{FAE04EC0-301F-11D3-BF4B-00C04F79EFBC}") = "PreOrderBlindBox.Data", "PreOrderBlindBox.Data\PreOrderBlindBox.Data.csproj", "{DD02C6CA-E811-4984-AE74-142F0A51E344}"
EndProject
Project("{FAE04EC0-301F-11D3-BF4B-00C04F79EFBC}") = "PreOrderBlindBox.Services", "PreOrderBlindBox.Service\PreOrderBlindBox.Services.csproj", "{A7639704-2253-493D-8CE9-0078C2E10B06}"
EndProject
Project("{FAE04EC0-301F-11D3-BF4B-00C04F79EFBC}") = "PreOrderBlindBox.CM", "PreOrderBlindBox.CM\PreOrderBlindBox.CM.csproj", "{A0BE10ED-16E2-422F-844F-90868FCA0CB2}"
EndProject
Project("{FAE04EC0-301F-11D3-BF4B-00C04F79EFBC}") = "PreOrderBlindBox.API", "PreOrderBlindBox.API\PreOrderBlindBox.API.csproj", "{3273031D-9C91-4682-9AE1-4B3B8091850B}"
EndProject
Global
	GlobalSection(SolutionConfigurationPlatforms) = preSolution
		Debug|Any CPU = Debug|Any CPU
		Release|Any CPU = Release|Any CPU
	EndGlobalSection
	GlobalSection(ProjectConfigurationPlatforms) = postSolution
		{DD02C6CA-E811-4984-AE74-142F0A51E344}.Debug|Any CPU.ActiveCfg = Debug|Any CPU
		{DD02C6CA-E811-4984-AE74-142F0A51E344}.Debug|Any CPU.Build.0 = Debug|Any CPU
		{DD02C6CA-E811-4984-AE74-142F0A51E344}.Release|Any CPU.ActiveCfg = Release|Any CPU
		{DD02C6CA-E811-4984-AE74-142F0A51E344}.Release|Any CPU.Build.0 = Release|Any CPU
		{A7639704-2253-493D-8CE9-0078C2E10B06}.Debug|Any CPU.ActiveCfg = Debug|Any CPU
		{A7639704-2253-493D-8CE9-0078C2E10B06}.Debug|Any CPU.Build.0 = Debug|Any CPU
		{A7639704-2253-493D-8CE9-0078C2E10B06}.Release|Any CPU.ActiveCfg = Release|Any CPU
		{A7639704-2253-493D-8CE9-0078C2E10B06}.Release|Any CPU.Build.0 = Release|Any CPU
		{A0BE10ED-16E2-422F-844F-90868FCA0CB2}.Debug|Any CPU.ActiveCfg = Debug|Any CPU
		{A0BE10ED-16E2-422F-844F-90868FCA0CB2}.Debug|Any CPU.Build.0 = Debug|Any CPU
		{A0BE10ED-16E2-422F-844F-90868FCA0CB2}.Release|Any CPU.ActiveCfg = Release|Any CPU
		{A0BE10ED-16E2-422F-844F-90868FCA0CB2}.Release|Any CPU.Build.0 = Release|Any CPU
		{3273031D-9C91-4682-9AE1-4B3B8091850B}.Debug|Any CPU.ActiveCfg = Debug|Any CPU
		{3273031D-9C91-4682-9AE1-4B3B8091850B}.Debug|Any CPU.Build.0 = Debug|Any CPU
		{3273031D-9C91-4682-9AE1-4B3B8091850B}.Release|Any CPU.ActiveCfg = Release|Any CPU
		{3273031D-9C91-4682-9AE1-4B3B8091850B}.Release|Any CPU.Build.0 = Release|Any CPU
	EndGlobalSection
	GlobalSection(SolutionProperties) = preSolution
		HideSolutionNode = FALSE
	EndGlobalSection
	GlobalSection(ExtensibilityGlobals) = postSolution
		SolutionGuid = {19F2C81A-B850-4364-9F04-4965DC2F5F54}
	EndGlobalSection
EndGlobal
